
Microsoft Visual Studio Solution File, Format Version 12.00
# Visual Studio 15
VisualStudioVersion = 15.0.26430.12
MinimumVisualStudioVersion = 10.0.40219.1
Project("{FAE04EC0-301F-11D3-BF4B-00C04F79EFBC}") = "Kriptal", "Kriptal\Kriptal\Kriptal.csproj", "{2319A461-CDE3-40BB-AA3A-5C79D86ECF87}"
EndProject
Project("{FAE04EC0-301F-11D3-BF4B-00C04F79EFBC}") = "Kriptal.Android", "Kriptal\Kriptal.Android\Kriptal.Android.csproj", "{88F6162D-50B0-49E2-82DF-76C6F922D8A0}"
EndProject
Project("{FAE04EC0-301F-11D3-BF4B-00C04F79EFBC}") = "Kriptal.iOS", "Kriptal\Kriptal.iOS\Kriptal.iOS.csproj", "{6738F34A-BD12-4CA9-BF25-FCCC0CFE8519}"
EndProject
Project("{FAE04EC0-301F-11D3-BF4B-00C04F79EFBC}") = "Kriptal.UWP", "Kriptal\Kriptal.UWP\Kriptal.UWP.csproj", "{E909EE49-E5C9-47CB-99B5-0BFCB38C824D}"
EndProject
Project("{2150E333-8FDC-42A3-9474-1A3956D46DE8}") = "Solution Items", "Solution Items", "{B9F4C796-957C-434D-9002-94546680E6D5}"
	ProjectSection(SolutionItems) = preProject
		Notes.txt = Notes.txt
	EndProjectSection
EndProject
Global
	GlobalSection(SolutionConfigurationPlatforms) = preSolution
		Debug|Any CPU = Debug|Any CPU
		Debug|ARM = Debug|ARM
		Debug|iPhone = Debug|iPhone
		Debug|iPhoneSimulator = Debug|iPhoneSimulator
		Debug|x64 = Debug|x64
		Debug|x86 = Debug|x86
		Release|Any CPU = Release|Any CPU
		Release|ARM = Release|ARM
		Release|iPhone = Release|iPhone
		Release|iPhoneSimulator = Release|iPhoneSimulator
		Release|x64 = Release|x64
		Release|x86 = Release|x86
	EndGlobalSection
	GlobalSection(ProjectConfigurationPlatforms) = postSolution
		{2319A461-CDE3-40BB-AA3A-5C79D86ECF87}.Debug|Any CPU.ActiveCfg = Debug|Any CPU
		{2319A461-CDE3-40BB-AA3A-5C79D86ECF87}.Debug|Any CPU.Build.0 = Debug|Any CPU
		{2319A461-CDE3-40BB-AA3A-5C79D86ECF87}.Debug|ARM.ActiveCfg = Debug|Any CPU
		{2319A461-CDE3-40BB-AA3A-5C79D86ECF87}.Debug|ARM.Build.0 = Debug|Any CPU
		{2319A461-CDE3-40BB-AA3A-5C79D86ECF87}.Debug|iPhone.ActiveCfg = Debug|Any CPU
		{2319A461-CDE3-40BB-AA3A-5C79D86ECF87}.Debug|iPhone.Build.0 = Debug|Any CPU
		{2319A461-CDE3-40BB-AA3A-5C79D86ECF87}.Debug|iPhoneSimulator.ActiveCfg = Debug|Any CPU
		{2319A461-CDE3-40BB-AA3A-5C79D86ECF87}.Debug|iPhoneSimulator.Build.0 = Debug|Any CPU
		{2319A461-CDE3-40BB-AA3A-5C79D86ECF87}.Debug|x64.ActiveCfg = Debug|Any CPU
		{2319A461-CDE3-40BB-AA3A-5C79D86ECF87}.Debug|x64.Build.0 = Debug|Any CPU
		{2319A461-CDE3-40BB-AA3A-5C79D86ECF87}.Debug|x86.ActiveCfg = Debug|Any CPU
		{2319A461-CDE3-40BB-AA3A-5C79D86ECF87}.Debug|x86.Build.0 = Debug|Any CPU
		{2319A461-CDE3-40BB-AA3A-5C79D86ECF87}.Release|Any CPU.ActiveCfg = Release|Any CPU
		{2319A461-CDE3-40BB-AA3A-5C79D86ECF87}.Release|Any CPU.Build.0 = Release|Any CPU
		{2319A461-CDE3-40BB-AA3A-5C79D86ECF87}.Release|ARM.ActiveCfg = Release|Any CPU
		{2319A461-CDE3-40BB-AA3A-5C79D86ECF87}.Release|ARM.Build.0 = Release|Any CPU
		{2319A461-CDE3-40BB-AA3A-5C79D86ECF87}.Release|iPhone.ActiveCfg = Release|Any CPU
		{2319A461-CDE3-40BB-AA3A-5C79D86ECF87}.Release|iPhone.Build.0 = Release|Any CPU
		{2319A461-CDE3-40BB-AA3A-5C79D86ECF87}.Release|iPhoneSimulator.ActiveCfg = Release|Any CPU
		{2319A461-CDE3-40BB-AA3A-5C79D86ECF87}.Release|iPhoneSimulator.Build.0 = Release|Any CPU
		{2319A461-CDE3-40BB-AA3A-5C79D86ECF87}.Release|x64.ActiveCfg = Release|Any CPU
		{2319A461-CDE3-40BB-AA3A-5C79D86ECF87}.Release|x64.Build.0 = Release|Any CPU
		{2319A461-CDE3-40BB-AA3A-5C79D86ECF87}.Release|x86.ActiveCfg = Release|Any CPU
		{2319A461-CDE3-40BB-AA3A-5C79D86ECF87}.Release|x86.Build.0 = Release|Any CPU
		{88F6162D-50B0-49E2-82DF-76C6F922D8A0}.Debug|Any CPU.ActiveCfg = Debug|Any CPU
		{88F6162D-50B0-49E2-82DF-76C6F922D8A0}.Debug|Any CPU.Build.0 = Debug|Any CPU
		{88F6162D-50B0-49E2-82DF-76C6F922D8A0}.Debug|Any CPU.Deploy.0 = Debug|Any CPU
		{88F6162D-50B0-49E2-82DF-76C6F922D8A0}.Debug|ARM.ActiveCfg = Debug|Any CPU
		{88F6162D-50B0-49E2-82DF-76C6F922D8A0}.Debug|ARM.Build.0 = Debug|Any CPU
		{88F6162D-50B0-49E2-82DF-76C6F922D8A0}.Debug|ARM.Deploy.0 = Debug|Any CPU
		{88F6162D-50B0-49E2-82DF-76C6F922D8A0}.Debug|iPhone.ActiveCfg = Debug|Any CPU
		{88F6162D-50B0-49E2-82DF-76C6F922D8A0}.Debug|iPhone.Build.0 = Debug|Any CPU
		{88F6162D-50B0-49E2-82DF-76C6F922D8A0}.Debug|iPhone.Deploy.0 = Debug|Any CPU
		{88F6162D-50B0-49E2-82DF-76C6F922D8A0}.Debug|iPhoneSimulator.ActiveCfg = Debug|Any CPU
		{88F6162D-50B0-49E2-82DF-76C6F922D8A0}.Debug|iPhoneSimulator.Build.0 = Debug|Any CPU
		{88F6162D-50B0-49E2-82DF-76C6F922D8A0}.Debug|iPhoneSimulator.Deploy.0 = Debug|Any CPU
		{88F6162D-50B0-49E2-82DF-76C6F922D8A0}.Debug|x64.ActiveCfg = Debug|Any CPU
		{88F6162D-50B0-49E2-82DF-76C6F922D8A0}.Debug|x64.Build.0 = Debug|Any CPU
		{88F6162D-50B0-49E2-82DF-76C6F922D8A0}.Debug|x64.Deploy.0 = Debug|Any CPU
		{88F6162D-50B0-49E2-82DF-76C6F922D8A0}.Debug|x86.ActiveCfg = Debug|Any CPU
		{88F6162D-50B0-49E2-82DF-76C6F922D8A0}.Debug|x86.Build.0 = Debug|Any CPU
		{88F6162D-50B0-49E2-82DF-76C6F922D8A0}.Debug|x86.Deploy.0 = Debug|Any CPU
		{88F6162D-50B0-49E2-82DF-76C6F922D8A0}.Release|Any CPU.ActiveCfg = Release|Any CPU
		{88F6162D-50B0-49E2-82DF-76C6F922D8A0}.Release|Any CPU.Build.0 = Release|Any CPU
		{88F6162D-50B0-49E2-82DF-76C6F922D8A0}.Release|Any CPU.Deploy.0 = Release|Any CPU
		{88F6162D-50B0-49E2-82DF-76C6F922D8A0}.Release|ARM.ActiveCfg = Release|Any CPU
		{88F6162D-50B0-49E2-82DF-76C6F922D8A0}.Release|ARM.Build.0 = Release|Any CPU
		{88F6162D-50B0-49E2-82DF-76C6F922D8A0}.Release|ARM.Deploy.0 = Release|Any CPU
		{88F6162D-50B0-49E2-82DF-76C6F922D8A0}.Release|iPhone.ActiveCfg = Release|Any CPU
		{88F6162D-50B0-49E2-82DF-76C6F922D8A0}.Release|iPhone.Build.0 = Release|Any CPU
		{88F6162D-50B0-49E2-82DF-76C6F922D8A0}.Release|iPhone.Deploy.0 = Release|Any CPU
		{88F6162D-50B0-49E2-82DF-76C6F922D8A0}.Release|iPhoneSimulator.ActiveCfg = Release|Any CPU
		{88F6162D-50B0-49E2-82DF-76C6F922D8A0}.Release|iPhoneSimulator.Build.0 = Release|Any CPU
		{88F6162D-50B0-49E2-82DF-76C6F922D8A0}.Release|iPhoneSimulator.Deploy.0 = Release|Any CPU
		{88F6162D-50B0-49E2-82DF-76C6F922D8A0}.Release|x64.ActiveCfg = Release|Any CPU
		{88F6162D-50B0-49E2-82DF-76C6F922D8A0}.Release|x64.Build.0 = Release|Any CPU
		{88F6162D-50B0-49E2-82DF-76C6F922D8A0}.Release|x64.Deploy.0 = Release|Any CPU
		{88F6162D-50B0-49E2-82DF-76C6F922D8A0}.Release|x86.ActiveCfg = Release|Any CPU
		{88F6162D-50B0-49E2-82DF-76C6F922D8A0}.Release|x86.Build.0 = Release|Any CPU
		{88F6162D-50B0-49E2-82DF-76C6F922D8A0}.Release|x86.Deploy.0 = Release|Any CPU
		{6738F34A-BD12-4CA9-BF25-FCCC0CFE8519}.Debug|Any CPU.ActiveCfg = Debug|iPhone
		{6738F34A-BD12-4CA9-BF25-FCCC0CFE8519}.Debug|ARM.ActiveCfg = Debug|iPhone
		{6738F34A-BD12-4CA9-BF25-FCCC0CFE8519}.Debug|iPhone.ActiveCfg = Debug|iPhone
		{6738F34A-BD12-4CA9-BF25-FCCC0CFE8519}.Debug|iPhone.Build.0 = Debug|iPhone
		{6738F34A-BD12-4CA9-BF25-FCCC0CFE8519}.Debug|iPhoneSimulator.ActiveCfg = Debug|iPhoneSimulator
		{6738F34A-BD12-4CA9-BF25-FCCC0CFE8519}.Debug|iPhoneSimulator.Build.0 = Debug|iPhoneSimulator
		{6738F34A-BD12-4CA9-BF25-FCCC0CFE8519}.Debug|x64.ActiveCfg = Debug|iPhone
		{6738F34A-BD12-4CA9-BF25-FCCC0CFE8519}.Debug|x86.ActiveCfg = Debug|iPhone
		{6738F34A-BD12-4CA9-BF25-FCCC0CFE8519}.Release|Any CPU.ActiveCfg = Release|iPhone
		{6738F34A-BD12-4CA9-BF25-FCCC0CFE8519}.Release|ARM.ActiveCfg = Release|iPhone
		{6738F34A-BD12-4CA9-BF25-FCCC0CFE8519}.Release|iPhone.ActiveCfg = Release|iPhone
		{6738F34A-BD12-4CA9-BF25-FCCC0CFE8519}.Release|iPhone.Build.0 = Release|iPhone
		{6738F34A-BD12-4CA9-BF25-FCCC0CFE8519}.Release|iPhoneSimulator.ActiveCfg = Release|iPhoneSimulator
		{6738F34A-BD12-4CA9-BF25-FCCC0CFE8519}.Release|iPhoneSimulator.Build.0 = Release|iPhoneSimulator
		{6738F34A-BD12-4CA9-BF25-FCCC0CFE8519}.Release|x64.ActiveCfg = Release|iPhone
		{6738F34A-BD12-4CA9-BF25-FCCC0CFE8519}.Release|x86.ActiveCfg = Release|iPhone
		{E909EE49-E5C9-47CB-99B5-0BFCB38C824D}.Debug|Any CPU.ActiveCfg = Debug|x86
		{E909EE49-E5C9-47CB-99B5-0BFCB38C824D}.Debug|ARM.ActiveCfg = Debug|ARM
		{E909EE49-E5C9-47CB-99B5-0BFCB38C824D}.Debug|ARM.Build.0 = Debug|ARM
		{E909EE49-E5C9-47CB-99B5-0BFCB38C824D}.Debug|ARM.Deploy.0 = Debug|ARM
		{E909EE49-E5C9-47CB-99B5-0BFCB38C824D}.Debug|iPhone.ActiveCfg = Debug|x86
		{E909EE49-E5C9-47CB-99B5-0BFCB38C824D}.Debug|iPhoneSimulator.ActiveCfg = Debug|x86
		{E909EE49-E5C9-47CB-99B5-0BFCB38C824D}.Debug|x64.ActiveCfg = Debug|x64
		{E909EE49-E5C9-47CB-99B5-0BFCB38C824D}.Debug|x64.Build.0 = Debug|x64
		{E909EE49-E5C9-47CB-99B5-0BFCB38C824D}.Debug|x64.Deploy.0 = Debug|x64
		{E909EE49-E5C9-47CB-99B5-0BFCB38C824D}.Debug|x86.ActiveCfg = Debug|x86
		{E909EE49-E5C9-47CB-99B5-0BFCB38C824D}.Debug|x86.Build.0 = Debug|x86
		{E909EE49-E5C9-47CB-99B5-0BFCB38C824D}.Debug|x86.Deploy.0 = Debug|x86
		{E909EE49-E5C9-47CB-99B5-0BFCB38C824D}.Release|Any CPU.ActiveCfg = Release|x86
		{E909EE49-E5C9-47CB-99B5-0BFCB38C824D}.Release|ARM.ActiveCfg = Release|ARM
		{E909EE49-E5C9-47CB-99B5-0BFCB38C824D}.Release|ARM.Build.0 = Release|ARM
		{E909EE49-E5C9-47CB-99B5-0BFCB38C824D}.Release|ARM.Deploy.0 = Release|ARM
		{E909EE49-E5C9-47CB-99B5-0BFCB38C824D}.Release|iPhone.ActiveCfg = Release|x86
		{E909EE49-E5C9-47CB-99B5-0BFCB38C824D}.Release|iPhoneSimulator.ActiveCfg = Release|x86
		{E909EE49-E5C9-47CB-99B5-0BFCB38C824D}.Release|x64.ActiveCfg = Release|x64
		{E909EE49-E5C9-47CB-99B5-0BFCB38C824D}.Release|x64.Build.0 = Release|x64
		{E909EE49-E5C9-47CB-99B5-0BFCB38C824D}.Release|x64.Deploy.0 = Release|x64
		{E909EE49-E5C9-47CB-99B5-0BFCB38C824D}.Release|x86.ActiveCfg = Release|x86
		{E909EE49-E5C9-47CB-99B5-0BFCB38C824D}.Release|x86.Build.0 = Release|x86
		{E909EE49-E5C9-47CB-99B5-0BFCB38C824D}.Release|x86.Deploy.0 = Release|x86
	EndGlobalSection
	GlobalSection(SolutionProperties) = preSolution
		HideSolutionNode = FALSE
	EndGlobalSection
EndGlobal
